
Microsoft Visual Studio Solution File, Format Version 12.00
# Visual Studio 15
VisualStudioVersion = 15.0.27004.2002
MinimumVisualStudioVersion = 10.0.40219.1
Project("{9A19103F-16F7-4668-BE54-9A1E7A4F7556}") = "TicTacTubeCore", "TicTacTubeCore\TicTacTubeCore.csproj", "{1287B36D-9373-43AA-8989-4C8AF04743D3}"
EndProject
Project("{9A19103F-16F7-4668-BE54-9A1E7A4F7556}") = "TicTacTubeCoreTest", "TicTacTubeCoreTest\TicTacTubeCoreTest.csproj", "{5F41AB71-4DF3-4BB2-B3B4-9D3389526385}"
EndProject
Global
	GlobalSection(SolutionConfigurationPlatforms) = preSolution
		Debug|Any CPU = Debug|Any CPU
		Release|Any CPU = Release|Any CPU
	EndGlobalSection
	GlobalSection(ProjectConfigurationPlatforms) = postSolution
		{1287B36D-9373-43AA-8989-4C8AF04743D3}.Debug|Any CPU.ActiveCfg = Debug|Any CPU
		{1287B36D-9373-43AA-8989-4C8AF04743D3}.Debug|Any CPU.Build.0 = Debug|Any CPU
		{1287B36D-9373-43AA-8989-4C8AF04743D3}.Release|Any CPU.ActiveCfg = Release|Any CPU
		{1287B36D-9373-43AA-8989-4C8AF04743D3}.Release|Any CPU.Build.0 = Release|Any CPU
		{5F41AB71-4DF3-4BB2-B3B4-9D3389526385}.Debug|Any CPU.ActiveCfg = Debug|Any CPU
		{5F41AB71-4DF3-4BB2-B3B4-9D3389526385}.Debug|Any CPU.Build.0 = Debug|Any CPU
		{5F41AB71-4DF3-4BB2-B3B4-9D3389526385}.Release|Any CPU.ActiveCfg = Release|Any CPU
		{5F41AB71-4DF3-4BB2-B3B4-9D3389526385}.Release|Any CPU.Build.0 = Release|Any CPU
	EndGlobalSection
	GlobalSection(SolutionProperties) = preSolution
		HideSolutionNode = FALSE
	EndGlobalSection
	GlobalSection(ExtensibilityGlobals) = postSolution
		SolutionGuid = {439D5826-657F-42B4-9926-3537273F0EE3}
	EndGlobalSection
EndGlobal
